
Microsoft Visual Studio Solution File, Format Version 12.00
# Visual Studio Version 17
VisualStudioVersion = 17.0.31903.59
MinimumVisualStudioVersion = 10.0.40219.1
Project("{FAE04EC0-301F-11D3-BF4B-00C04F79EFBC}") = "CateringSaaS.WebAPI", "CateringSaaS.WebAPI\CateringSaaS.WebAPI.csproj", "{F232AACE-5226-4E5F-BB38-A2A6826E8448}"
EndProject
Project("{FAE04EC0-301F-11D3-BF4B-00C04F79EFBC}") = "CateringSaaS.Shared", "CateringSaaS.Shared\CateringSaaS.Shared.csproj", "{9E98D04D-2E02-4A00-AFD7-69E7241445AB}"
EndProject
Project("{2150E333-8FDC-42A3-9474-1A3956D46DE8}") = "Modules", "Modules", "{CA253913-39DE-BFD0-C9A3-4B7EC6FBDF17}"
EndProject
Project("{FAE04EC0-301F-11D3-BF4B-00C04F79EFBC}") = "CateringSaaS.Modules.Ordering", "Modules\CateringSaaS.Modules.Ordering\CateringSaaS.Modules.Ordering.csproj", "{B1048468-3966-4C36-93BE-B40D9D4A4125}"
EndProject
Project("{FAE04EC0-301F-11D3-BF4B-00C04F79EFBC}") = "CateringSaaS.Modules.Identity", "Modules\CateringSaaS.Modules.Identity\CateringSaaS.Modules.Identity.csproj", "{30E897F3-9A14-4F71-BDDB-1CAA353E18F5}"
EndProject
Project("{FAE04EC0-301F-11D3-BF4B-00C04F79EFBC}") = "CateringSaaS.Modules.Tenants", "Modules\CateringSaaS.Modules.Tenants\CateringSaaS.Modules.Tenants.csproj", "{2162BFE2-DAFA-4F27-8CFA-6B3EA69B29BE}"
EndProject
Project("{FAE04EC0-301F-11D3-BF4B-00C04F79EFBC}") = "CateringSaaS.Modules.Inventory", "Modules\CateringSaaS.Modules.Inventory\CateringSaaS.Modules.Inventory.csproj", "{146D1D9D-9BED-44BA-852B-E2DD3909CD64}"
EndProject
Project("{FAE04EC0-301F-11D3-BF4B-00C04F79EFBC}") = "CateringSaaS.Modules.Menu", "Modules\CateringSaaS.Modules.Menu\CateringSaaS.Modules.Menu.csproj", "{577CD2A7-4029-4DDE-8CCB-414E75D4858B}"
EndProject
Project("{FAE04EC0-301F-11D3-BF4B-00C04F79EFBC}") = "CateringSaaS.Modules.Kitchen", "Modules\CateringSaaS.Modules.Kitchen\CateringSaaS.Modules.Kitchen.csproj", "{11653565-EBE3-4DB8-88B6-A0DE4283E94D}"
EndProject
Global
	GlobalSection(SolutionConfigurationPlatforms) = preSolution
		Debug|Any CPU = Debug|Any CPU
		Debug|x64 = Debug|x64
		Debug|x86 = Debug|x86
		Release|Any CPU = Release|Any CPU
		Release|x64 = Release|x64
		Release|x86 = Release|x86
	EndGlobalSection
	GlobalSection(ProjectConfigurationPlatforms) = postSolution
		{F232AACE-5226-4E5F-BB38-A2A6826E8448}.Debug|Any CPU.ActiveCfg = Debug|Any CPU
		{F232AACE-5226-4E5F-BB38-A2A6826E8448}.Debug|Any CPU.Build.0 = Debug|Any CPU
		{F232AACE-5226-4E5F-BB38-A2A6826E8448}.Debug|x64.ActiveCfg = Debug|Any CPU
		{F232AACE-5226-4E5F-BB38-A2A6826E8448}.Debug|x64.Build.0 = Debug|Any CPU
		{F232AACE-5226-4E5F-BB38-A2A6826E8448}.Debug|x86.ActiveCfg = Debug|Any CPU
		{F232AACE-5226-4E5F-BB38-A2A6826E8448}.Debug|x86.Build.0 = Debug|Any CPU
		{F232AACE-5226-4E5F-BB38-A2A6826E8448}.Release|Any CPU.ActiveCfg = Release|Any CPU
		{F232AACE-5226-4E5F-BB38-A2A6826E8448}.Release|Any CPU.Build.0 = Release|Any CPU
		{F232AACE-5226-4E5F-BB38-A2A6826E8448}.Release|x64.ActiveCfg = Release|Any CPU
		{F232AACE-5226-4E5F-BB38-A2A6826E8448}.Release|x64.Build.0 = Release|Any CPU
		{F232AACE-5226-4E5F-BB38-A2A6826E8448}.Release|x86.ActiveCfg = Release|Any CPU
		{F232AACE-5226-4E5F-BB38-A2A6826E8448}.Release|x86.Build.0 = Release|Any CPU
		{9E98D04D-2E02-4A00-AFD7-69E7241445AB}.Debug|Any CPU.ActiveCfg = Debug|Any CPU
		{9E98D04D-2E02-4A00-AFD7-69E7241445AB}.Debug|Any CPU.Build.0 = Debug|Any CPU
		{9E98D04D-2E02-4A00-AFD7-69E7241445AB}.Debug|x64.ActiveCfg = Debug|Any CPU
		{9E98D04D-2E02-4A00-AFD7-69E7241445AB}.Debug|x64.Build.0 = Debug|Any CPU
		{9E98D04D-2E02-4A00-AFD7-69E7241445AB}.Debug|x86.ActiveCfg = Debug|Any CPU
		{9E98D04D-2E02-4A00-AFD7-69E7241445AB}.Debug|x86.Build.0 = Debug|Any CPU
		{9E98D04D-2E02-4A00-AFD7-69E7241445AB}.Release|Any CPU.ActiveCfg = Release|Any CPU
		{9E98D04D-2E02-4A00-AFD7-69E7241445AB}.Release|Any CPU.Build.0 = Release|Any CPU
		{9E98D04D-2E02-4A00-AFD7-69E7241445AB}.Release|x64.ActiveCfg = Release|Any CPU
		{9E98D04D-2E02-4A00-AFD7-69E7241445AB}.Release|x64.Build.0 = Release|Any CPU
		{9E98D04D-2E02-4A00-AFD7-69E7241445AB}.Release|x86.ActiveCfg = Release|Any CPU
		{9E98D04D-2E02-4A00-AFD7-69E7241445AB}.Release|x86.Build.0 = Release|Any CPU
		{B1048468-3966-4C36-93BE-B40D9D4A4125}.Debug|Any CPU.ActiveCfg = Debug|Any CPU
		{B1048468-3966-4C36-93BE-B40D9D4A4125}.Debug|Any CPU.Build.0 = Debug|Any CPU
		{B1048468-3966-4C36-93BE-B40D9D4A4125}.Debug|x64.ActiveCfg = Debug|Any CPU
		{B1048468-3966-4C36-93BE-B40D9D4A4125}.Debug|x64.Build.0 = Debug|Any CPU
		{B1048468-3966-4C36-93BE-B40D9D4A4125}.Debug|x86.ActiveCfg = Debug|Any CPU
		{B1048468-3966-4C36-93BE-B40D9D4A4125}.Debug|x86.Build.0 = Debug|Any CPU
		{B1048468-3966-4C36-93BE-B40D9D4A4125}.Release|Any CPU.ActiveCfg = Release|Any CPU
		{B1048468-3966-4C36-93BE-B40D9D4A4125}.Release|Any CPU.Build.0 = Release|Any CPU
		{B1048468-3966-4C36-93BE-B40D9D4A4125}.Release|x64.ActiveCfg = Release|Any CPU
		{B1048468-3966-4C36-93BE-B40D9D4A4125}.Release|x64.Build.0 = Release|Any CPU
		{B1048468-3966-4C36-93BE-B40D9D4A4125}.Release|x86.ActiveCfg = Release|Any CPU
		{B1048468-3966-4C36-93BE-B40D9D4A4125}.Release|x86.Build.0 = Release|Any CPU
		{30E897F3-9A14-4F71-BDDB-1CAA353E18F5}.Debug|Any CPU.ActiveCfg = Debug|Any CPU
		{30E897F3-9A14-4F71-BDDB-1CAA353E18F5}.Debug|Any CPU.Build.0 = Debug|Any CPU
		{30E897F3-9A14-4F71-BDDB-1CAA353E18F5}.Debug|x64.ActiveCfg = Debug|Any CPU
		{30E897F3-9A14-4F71-BDDB-1CAA353E18F5}.Debug|x64.Build.0 = Debug|Any CPU
		{30E897F3-9A14-4F71-BDDB-1CAA353E18F5}.Debug|x86.ActiveCfg = Debug|Any CPU
		{30E897F3-9A14-4F71-BDDB-1CAA353E18F5}.Debug|x86.Build.0 = Debug|Any CPU
		{30E897F3-9A14-4F71-BDDB-1CAA353E18F5}.Release|Any CPU.ActiveCfg = Release|Any CPU
		{30E897F3-9A14-4F71-BDDB-1CAA353E18F5}.Release|Any CPU.Build.0 = Release|Any CPU
		{30E897F3-9A14-4F71-BDDB-1CAA353E18F5}.Release|x64.ActiveCfg = Release|Any CPU
		{30E897F3-9A14-4F71-BDDB-1CAA353E18F5}.Release|x64.Build.0 = Release|Any CPU
		{30E897F3-9A14-4F71-BDDB-1CAA353E18F5}.Release|x86.ActiveCfg = Release|Any CPU
		{30E897F3-9A14-4F71-BDDB-1CAA353E18F5}.Release|x86.Build.0 = Release|Any CPU
		{2162BFE2-DAFA-4F27-8CFA-6B3EA69B29BE}.Debug|Any CPU.ActiveCfg = Debug|Any CPU
		{2162BFE2-DAFA-4F27-8CFA-6B3EA69B29BE}.Debug|Any CPU.Build.0 = Debug|Any CPU
		{2162BFE2-DAFA-4F27-8CFA-6B3EA69B29BE}.Debug|x64.ActiveCfg = Debug|Any CPU
		{2162BFE2-DAFA-4F27-8CFA-6B3EA69B29BE}.Debug|x64.Build.0 = Debug|Any CPU
		{2162BFE2-DAFA-4F27-8CFA-6B3EA69B29BE}.Debug|x86.ActiveCfg = Debug|Any CPU
		{2162BFE2-DAFA-4F27-8CFA-6B3EA69B29BE}.Debug|x86.Build.0 = Debug|Any CPU
		{2162BFE2-DAFA-4F27-8CFA-6B3EA69B29BE}.Release|Any CPU.ActiveCfg = Release|Any CPU
		{2162BFE2-DAFA-4F27-8CFA-6B3EA69B29BE}.Release|Any CPU.Build.0 = Release|Any CPU
		{2162BFE2-DAFA-4F27-8CFA-6B3EA69B29BE}.Release|x64.ActiveCfg = Release|Any CPU
		{2162BFE2-DAFA-4F27-8CFA-6B3EA69B29BE}.Release|x64.Build.0 = Release|Any CPU
		{2162BFE2-DAFA-4F27-8CFA-6B3EA69B29BE}.Release|x86.ActiveCfg = Release|Any CPU
		{2162BFE2-DAFA-4F27-8CFA-6B3EA69B29BE}.Release|x86.Build.0 = Release|Any CPU
		{146D1D9D-9BED-44BA-852B-E2DD3909CD64}.Debug|Any CPU.ActiveCfg = Debug|Any CPU
		{146D1D9D-9BED-44BA-852B-E2DD3909CD64}.Debug|Any CPU.Build.0 = Debug|Any CPU
		{146D1D9D-9BED-44BA-852B-E2DD3909CD64}.Debug|x64.ActiveCfg = Debug|Any CPU
		{146D1D9D-9BED-44BA-852B-E2DD3909CD64}.Debug|x64.Build.0 = Debug|Any CPU
		{146D1D9D-9BED-44BA-852B-E2DD3909CD64}.Debug|x86.ActiveCfg = Debug|Any CPU
		{146D1D9D-9BED-44BA-852B-E2DD3909CD64}.Debug|x86.Build.0 = Debug|Any CPU
		{146D1D9D-9BED-44BA-852B-E2DD3909CD64}.Release|Any CPU.ActiveCfg = Release|Any CPU
		{146D1D9D-9BED-44BA-852B-E2DD3909CD64}.Release|Any CPU.Build.0 = Release|Any CPU
		{146D1D9D-9BED-44BA-852B-E2DD3909CD64}.Release|x64.ActiveCfg = Release|Any CPU
		{146D1D9D-9BED-44BA-852B-E2DD3909CD64}.Release|x64.Build.0 = Release|Any CPU
		{146D1D9D-9BED-44BA-852B-E2DD3909CD64}.Release|x86.ActiveCfg = Release|Any CPU
		{146D1D9D-9BED-44BA-852B-E2DD3909CD64}.Release|x86.Build.0 = Release|Any CPU
		{577CD2A7-4029-4DDE-8CCB-414E75D4858B}.Debug|Any CPU.ActiveCfg = Debug|Any CPU
		{577CD2A7-4029-4DDE-8CCB-414E75D4858B}.Debug|Any CPU.Build.0 = Debug|Any CPU
		{577CD2A7-4029-4DDE-8CCB-414E75D4858B}.Debug|x64.ActiveCfg = Debug|Any CPU
		{577CD2A7-4029-4DDE-8CCB-414E75D4858B}.Debug|x64.Build.0 = Debug|Any CPU
		{577CD2A7-4029-4DDE-8CCB-414E75D4858B}.Debug|x86.ActiveCfg = Debug|Any CPU
		{577CD2A7-4029-4DDE-8CCB-414E75D4858B}.Debug|x86.Build.0 = Debug|Any CPU
		{577CD2A7-4029-4DDE-8CCB-414E75D4858B}.Release|Any CPU.ActiveCfg = Release|Any CPU
		{577CD2A7-4029-4DDE-8CCB-414E75D4858B}.Release|Any CPU.Build.0 = Release|Any CPU
		{577CD2A7-4029-4DDE-8CCB-414E75D4858B}.Release|x64.ActiveCfg = Release|Any CPU
		{577CD2A7-4029-4DDE-8CCB-414E75D4858B}.Release|x64.Build.0 = Release|Any CPU
		{577CD2A7-4029-4DDE-8CCB-414E75D4858B}.Release|x86.ActiveCfg = Release|Any CPU
		{577CD2A7-4029-4DDE-8CCB-414E75D4858B}.Release|x86.Build.0 = Release|Any CPU
		{11653565-EBE3-4DB8-88B6-A0DE4283E94D}.Debug|Any CPU.ActiveCfg = Debug|Any CPU
		{11653565-EBE3-4DB8-88B6-A0DE4283E94D}.Debug|Any CPU.Build.0 = Debug|Any CPU
		{11653565-EBE3-4DB8-88B6-A0DE4283E94D}.Debug|x64.ActiveCfg = Debug|Any CPU
		{11653565-EBE3-4DB8-88B6-A0DE4283E94D}.Debug|x64.Build.0 = Debug|Any CPU
		{11653565-EBE3-4DB8-88B6-A0DE4283E94D}.Debug|x86.ActiveCfg = Debug|Any CPU
		{11653565-EBE3-4DB8-88B6-A0DE4283E94D}.Debug|x86.Build.0 = Debug|Any CPU
		{11653565-EBE3-4DB8-88B6-A0DE4283E94D}.Release|Any CPU.ActiveCfg = Release|Any CPU
		{11653565-EBE3-4DB8-88B6-A0DE4283E94D}.Release|Any CPU.Build.0 = Release|Any CPU
		{11653565-EBE3-4DB8-88B6-A0DE4283E94D}.Release|x64.ActiveCfg = Release|Any CPU
		{11653565-EBE3-4DB8-88B6-A0DE4283E94D}.Release|x64.Build.0 = Release|Any CPU
		{11653565-EBE3-4DB8-88B6-A0DE4283E94D}.Release|x86.ActiveCfg = Release|Any CPU
		{11653565-EBE3-4DB8-88B6-A0DE4283E94D}.Release|x86.Build.0 = Release|Any CPU
	EndGlobalSection
	GlobalSection(SolutionProperties) = preSolution
		HideSolutionNode = FALSE
	EndGlobalSection
	GlobalSection(NestedProjects) = preSolution
		{B1048468-3966-4C36-93BE-B40D9D4A4125} = {CA253913-39DE-BFD0-C9A3-4B7EC6FBDF17}
		{30E897F3-9A14-4F71-BDDB-1CAA353E18F5} = {CA253913-39DE-BFD0-C9A3-4B7EC6FBDF17}
		{2162BFE2-DAFA-4F27-8CFA-6B3EA69B29BE} = {CA253913-39DE-BFD0-C9A3-4B7EC6FBDF17}
		{146D1D9D-9BED-44BA-852B-E2DD3909CD64} = {CA253913-39DE-BFD0-C9A3-4B7EC6FBDF17}
		{577CD2A7-4029-4DDE-8CCB-414E75D4858B} = {CA253913-39DE-BFD0-C9A3-4B7EC6FBDF17}
		{11653565-EBE3-4DB8-88B6-A0DE4283E94D} = {CA253913-39DE-BFD0-C9A3-4B7EC6FBDF17}
	EndGlobalSection
EndGlobal
